{
  "lockfile_version": "1",
  "packages": {
    "argo@latest": {
      "last_modified": "2025-01-19T08:16:51Z",
      "resolved": "github:NixOS/nixpkgs/50165c4f7eb48ce82bd063e1fb8047a0f515f8ce#argo",
      "source": "devbox-search",
      "version": "3.6.2",
      "systems": {
        "aarch64-darwin": {
          "outputs": [
            {
              "name": "out",
              "path": "/nix/store/6g61wccbxscrid1ga9fhn18nbjmd5910-argo-3.6.2",
              "default": true
            }
          ],
          "store_path": "/nix/store/6g61wccbxscrid1ga9fhn18nbjmd5910-argo-3.6.2"
        },
        "aarch64-linux": {
          "outputs": [
            {
              "name": "out",
              "path": "/nix/store/n9ixz23jkb5vsjgcd2kawbkprxyhj9nl-argo-3.6.2",
              "default": true
            }
          ],
          "store_path": "/nix/store/n9ixz23jkb5vsjgcd2kawbkprxyhj9nl-argo-3.6.2"
        },
        "x86_64-darwin": {
          "outputs": [
            {
              "name": "out",
              "path": "/nix/store/mfjg8xja6772by7jikwlq0mrffy3ipfr-argo-3.6.2",
              "default": true
            }
          ],
          "store_path": "/nix/store/mfjg8xja6772by7jikwlq0mrffy3ipfr-argo-3.6.2"
        },
        "x86_64-linux": {
          "outputs": [
            {
              "name": "out",
              "path": "/nix/store/pr9sm7n6h2q1fhc895vfnvhkvi61xlw5-argo-3.6.2",
              "default": true
            }
          ],
          "store_path": "/nix/store/pr9sm7n6h2q1fhc895vfnvhkvi61xlw5-argo-3.6.2"
        }
      }
    },
    "argocd@latest": {
      "last_modified": "2025-02-01T06:33:04Z",
      "resolved": "github:NixOS/nixpkgs/047ebac174c408d6e5428b1865478893001276c5#argocd",
      "source": "devbox-search",
      "version": "2.13.4",
      "systems": {
        "aarch64-darwin": {
          "outputs": [
            {
              "name": "out",
              "path": "/nix/store/9qd1rm5w3fkkn88qgsa2yk1bkjqg97d8-argocd-2.13.4",
              "default": true
            }
          ],
          "store_path": "/nix/store/9qd1rm5w3fkkn88qgsa2yk1bkjqg97d8-argocd-2.13.4"
        },
        "aarch64-linux": {
          "outputs": [
            {
              "name": "out",
              "path": "/nix/store/cf2hs4zn79lwv8n9c33fk16hwzvpjib8-argocd-2.13.4",
              "default": true
            }
          ],
          "store_path": "/nix/store/cf2hs4zn79lwv8n9c33fk16hwzvpjib8-argocd-2.13.4"
        },
        "x86_64-darwin": {
          "outputs": [
            {
              "name": "out",
              "path": "/nix/store/2fqrgv19gz4rz8l10h34kbn4nyl2i57l-argocd-2.13.4",
              "default": true
            }
          ],
          "store_path": "/nix/store/2fqrgv19gz4rz8l10h34kbn4nyl2i57l-argocd-2.13.4"
        },
        "x86_64-linux": {
          "outputs": [
            {
              "name": "out",
              "path": "/nix/store/4qhah1gqk1k0wbnv4g0rkac1dj8il9fj-argocd-2.13.4",
              "default": true
            }
          ],
          "store_path": "/nix/store/4qhah1gqk1k0wbnv4g0rkac1dj8il9fj-argocd-2.13.4"
        }
      }
    },
    "jq@latest": {
      "last_modified": "2025-01-31T04:26:24Z",
      "resolved": "github:NixOS/nixpkgs/9189ac18287c599860e878e905da550aa6dec1cd#jq",
      "source": "devbox-search",
      "version": "1.7.1",
      "systems": {
        "aarch64-darwin": {
          "outputs": [
            {
              "name": "bin",
              "path": "/nix/store/ri8k487849v9b290iz384pi1lgw7n585-jq-1.7.1-bin",
              "default": true
            },
            {
              "name": "man",
              "path": "/nix/store/l9nf6sjs9hyvjfkmm9njw00mmvh88f6n-jq-1.7.1-man",
              "default": true
            },
            {
              "name": "dev",
              "path": "/nix/store/n7880d10c16s05bzg4xh4ak9j7fz9440-jq-1.7.1-dev"
            },
            {
              "name": "doc",
              "path": "/nix/store/axim640z0z67x48qr8nq79qph5j3vj05-jq-1.7.1-doc"
            },
            {
              "name": "out",
              "path": "/nix/store/sj86jzxi9p5pipih6fx7sw9pw6j54qbl-jq-1.7.1"
            }
          ],
          "store_path": "/nix/store/ri8k487849v9b290iz384pi1lgw7n585-jq-1.7.1-bin"
        },
        "aarch64-linux": {
          "outputs": [
            {
              "name": "bin",
              "path": "/nix/store/z5vhfsyh4yh7f018q036q260h363a56w-jq-1.7.1-bin",
              "default": true
            },
            {
              "name": "man",
              "path": "/nix/store/hvb2dfhc1k02abmai7n3bxi2w7i85k3q-jq-1.7.1-man",
              "default": true
            },
            {
              "name": "doc",
              "path": "/nix/store/7120g78wnwvhsazmd65g3v6hkn7fijj6-jq-1.7.1-doc"
            },
            {
              "name": "out",
              "path": "/nix/store/qky6im9rkx32bkngy05lgf2j2mhc9sa1-jq-1.7.1"
            },
            {
              "name": "dev",
              "path": "/nix/store/6xqw0a045m2s6kg7bdx8f0y88x55iw18-jq-1.7.1-dev"
            }
          ],
          "store_path": "/nix/store/z5vhfsyh4yh7f018q036q260h363a56w-jq-1.7.1-bin"
        },
        "x86_64-darwin": {
          "outputs": [
            {
              "name": "bin",
              "path": "/nix/store/1g73qfq41vldzhaxz82f9dbw3pvsgr5g-jq-1.7.1-bin",
              "default": true
            },
            {
              "name": "man",
              "path": "/nix/store/l9jl6mn6f7z8ki4wg4zqa28l3222wbdb-jq-1.7.1-man",
              "default": true
            },
            {
              "name": "out",
              "path": "/nix/store/03q69wc4wg57w1i5bapd0671a8wimfhf-jq-1.7.1"
            },
            {
              "name": "dev",
              "path": "/nix/store/xfa0x8yf8nqka5fjvknmwnbgsixx0rqf-jq-1.7.1-dev"
            },
            {
              "name": "doc",
              "path": "/nix/store/3d3vbk2iwg3c2kgbmmr6r6707xkszhy4-jq-1.7.1-doc"
            }
          ],
          "store_path": "/nix/store/1g73qfq41vldzhaxz82f9dbw3pvsgr5g-jq-1.7.1-bin"
        },
        "x86_64-linux": {
          "outputs": [
            {
              "name": "bin",
              "path": "/nix/store/69msxmwsxfbxx8mzigzrfppgz6qk1sx8-jq-1.7.1-bin",
              "default": true
            },
            {
              "name": "man",
              "path": "/nix/store/0j2mhyyc4rp63wlqip4n9j356nlcqznv-jq-1.7.1-man",
              "default": true
            },
            {
              "name": "dev",
              "path": "/nix/store/135pr45fck6iqk1mym8rlb9hz0vxn2cj-jq-1.7.1-dev"
            },
            {
              "name": "doc",
              "path": "/nix/store/bnzrjq3bpagqhd55mz09i8lx6l2qzwq4-jq-1.7.1-doc"
            },
            {
              "name": "out",
              "path": "/nix/store/rxy1z6zcwgrj59gn91r561s3dj0xgjqg-jq-1.7.1"
            }
          ],
          "store_path": "/nix/store/69msxmwsxfbxx8mzigzrfppgz6qk1sx8-jq-1.7.1-bin"
        }
      }
    },
    "kubectl@latest": {
      "last_modified": "2025-01-22T06:06:04Z",
      "resolved": "github:NixOS/nixpkgs/5757bbb8bd7c0630a0cc4bb19c47e588db30b97c#kubectl",
      "source": "devbox-search",
      "version": "1.32.1",
      "systems": {
        "aarch64-darwin": {
          "outputs": [
            {
              "name": "out",
              "path": "/nix/store/18441nqn0dahiwn1rvwilqvrqwqvvknz-kubectl-1.32.1",
              "default": true
            },
            {
              "name": "man",
              "path": "/nix/store/7aqhrqy27487ph8gcqwl92lpn48zczlm-kubectl-1.32.1-man",
              "default": true
            },
            {
              "name": "convert",
              "path": "/nix/store/4ahm5rn4f326izlh8nh6zfcf066r0jp9-kubectl-1.32.1-convert"
            }
          ],
          "store_path": "/nix/store/18441nqn0dahiwn1rvwilqvrqwqvvknz-kubectl-1.32.1"
        },
        "aarch64-linux": {
          "outputs": [
            {
              "name": "out",
              "path": "/nix/store/jylypnz6nddbqf85glbyhpmjsbgmlayj-kubectl-1.32.1",
              "default": true
            },
            {
              "name": "man",
              "path": "/nix/store/0f95qz0ynbilx8h0z350in0d8kc9aj1m-kubectl-1.32.1-man",
              "default": true
            },
            {
              "name": "convert",
              "path": "/nix/store/y9kx67c1h6sjr3l4vp7j200v640h32kr-kubectl-1.32.1-convert"
            }
          ],
          "store_path": "/nix/store/jylypnz6nddbqf85glbyhpmjsbgmlayj-kubectl-1.32.1"
        },
        "x86_64-darwin": {
          "outputs": [
            {
              "name": "out",
              "path": "/nix/store/c4ha370mr37kzmr5d3k3x2f7ln51r9fz-kubectl-1.32.1",
              "default": true
            },
            {
              "name": "man",
              "path": "/nix/store/5p29mlkb5ywfn2znwb3pxbyr187585yy-kubectl-1.32.1-man",
              "default": true
            },
            {
              "name": "convert",
              "path": "/nix/store/83qij5g1wkrrwzjn1cwnkd342ifzw97x-kubectl-1.32.1-convert"
            }
          ],
          "store_path": "/nix/store/c4ha370mr37kzmr5d3k3x2f7ln51r9fz-kubectl-1.32.1"
        },
        "x86_64-linux": {
          "outputs": [
            {
              "name": "out",
              "path": "/nix/store/v312kkwzk8mibc9z67n53hab6mcc7cn5-kubectl-1.32.1",
              "default": true
            },
            {
              "name": "man",
              "path": "/nix/store/jb9zc5f93z67xaldz5zmmnv8d5pzc94r-kubectl-1.32.1-man",
              "default": true
            },
            {
              "name": "convert",
              "path": "/nix/store/1lkaw0m4238bichjjl5jkkpqpvxahp43-kubectl-1.32.1-convert"
            }
          ],
          "store_path": "/nix/store/v312kkwzk8mibc9z67n53hab6mcc7cn5-kubectl-1.32.1"
        }
      }
    },
    "kubeseal@latest": {
      "last_modified": "2025-01-19T08:16:51Z",
      "resolved": "github:NixOS/nixpkgs/50165c4f7eb48ce82bd063e1fb8047a0f515f8ce#kubeseal",
      "source": "devbox-search",
      "version": "0.28.0",
      "systems": {
        "aarch64-darwin": {
          "outputs": [
            {
              "name": "out",
              "path": "/nix/store/2p1y81hm0zpg111brwwgs4xbzbhczg8k-kubeseal-0.28.0",
              "default": true
            }
          ],
          "store_path": "/nix/store/2p1y81hm0zpg111brwwgs4xbzbhczg8k-kubeseal-0.28.0"
        },
        "aarch64-linux": {
          "outputs": [
            {
              "name": "out",
              "path": "/nix/store/7ia9npbyrszp3pj4ypgz33r4wn3pc43h-kubeseal-0.28.0",
              "default": true
            }
          ],
          "store_path": "/nix/store/7ia9npbyrszp3pj4ypgz33r4wn3pc43h-kubeseal-0.28.0"
        },
        "x86_64-darwin": {
          "outputs": [
            {
              "name": "out",
              "path": "/nix/store/wc35d5wg48fh4zj2c7s23zini8nd9dl8-kubeseal-0.28.0",
              "default": true
            }
          ],
          "store_path": "/nix/store/wc35d5wg48fh4zj2c7s23zini8nd9dl8-kubeseal-0.28.0"
        },
        "x86_64-linux": {
          "outputs": [
            {
              "name": "out",
              "path": "/nix/store/s7n9hr5lkam26amlqvrvfq61xa9m4p1v-kubeseal-0.28.0",
              "default": true
            }
          ],
          "store_path": "/nix/store/s7n9hr5lkam26amlqvrvfq61xa9m4p1v-kubeseal-0.28.0"
        }
      }
    },
    "kustomize@latest": {
      "last_modified": "2025-01-19T08:16:51Z",
      "resolved": "github:NixOS/nixpkgs/50165c4f7eb48ce82bd063e1fb8047a0f515f8ce#kustomize",
      "source": "devbox-search",
      "version": "5.6.0",
      "systems": {
        "aarch64-darwin": {
          "outputs": [
            {
              "name": "out",
              "path": "/nix/store/66khnprx7lhzsxrvckww22lzwp0k4mbs-kustomize-5.6.0",
              "default": true
            }
          ],
          "store_path": "/nix/store/66khnprx7lhzsxrvckww22lzwp0k4mbs-kustomize-5.6.0"
        },
        "aarch64-linux": {
          "outputs": [
            {
              "name": "out",
              "path": "/nix/store/g5pzmmccb79mj7cw6v2fkm5jqbjgw2mc-kustomize-5.6.0",
              "default": true
            }
          ],
          "store_path": "/nix/store/g5pzmmccb79mj7cw6v2fkm5jqbjgw2mc-kustomize-5.6.0"
        },
        "x86_64-darwin": {
          "outputs": [
            {
              "name": "out",
              "path": "/nix/store/4s3idnqbh0pfk9y0qmhfcyys61hb4kij-kustomize-5.6.0",
              "default": true
            }
          ],
          "store_path": "/nix/store/4s3idnqbh0pfk9y0qmhfcyys61hb4kij-kustomize-5.6.0"
        },
        "x86_64-linux": {
          "outputs": [
            {
              "name": "out",
              "path": "/nix/store/v7xwlz3hfwqqrqqkbdcljq309274mzpg-kustomize-5.6.0",
              "default": true
            }
          ],
          "store_path": "/nix/store/v7xwlz3hfwqqrqqkbdcljq309274mzpg-kustomize-5.6.0"
        }
      }
    },
    "poetry@1.8.3": {
      "last_modified": "2024-10-13T23:44:06Z",
      "plugin_version": "0.0.4",
      "resolved": "github:NixOS/nixpkgs/d4f247e89f6e10120f911e2e2d2254a050d0f732#poetry",
      "source": "devbox-search",
      "version": "1.8.3",
      "systems": {
        "aarch64-darwin": {
          "outputs": [
            {
              "name": "out",
              "path": "/nix/store/fka3xx7wsdr990sx6gfnq135fgbsg5kk-python3.12-poetry-1.8.3",
              "default": true
            },
            {
              "name": "dist",
              "path": "/nix/store/4psq3hp05k5hiknyal3n73j2nb3p3avl-python3.12-poetry-1.8.3-dist"
            }
          ],
          "store_path": "/nix/store/fka3xx7wsdr990sx6gfnq135fgbsg5kk-python3.12-poetry-1.8.3"
        },
        "aarch64-linux": {
          "outputs": [
            {
              "name": "out",
              "path": "/nix/store/ps9n96b24a8hffcvxm6r5yravddyhzvl-python3.12-poetry-1.8.3",
              "default": true
            },
            {
              "name": "dist",
              "path": "/nix/store/aig5xw1ivnvd2xx89z6ckz8bidrb78mc-python3.12-poetry-1.8.3-dist"
            }
          ],
          "store_path": "/nix/store/ps9n96b24a8hffcvxm6r5yravddyhzvl-python3.12-poetry-1.8.3"
        },
        "x86_64-darwin": {
          "outputs": [
            {
              "name": "out",
              "path": "/nix/store/nyc7hgafrlzclmh9crm7xfbr07nlcsdn-python3.12-poetry-1.8.3",
              "default": true
            },
            {
              "name": "dist",
              "path": "/nix/store/i2s93flhf82vk6awrjmbwcrdrzsh4g3p-python3.12-poetry-1.8.3-dist"
            }
          ],
          "store_path": "/nix/store/nyc7hgafrlzclmh9crm7xfbr07nlcsdn-python3.12-poetry-1.8.3"
        },
        "x86_64-linux": {
          "outputs": [
            {
              "name": "out",
              "path": "/nix/store/56bqni659v6ckhil8hm7bchaafihjw83-python3.12-poetry-1.8.3",
              "default": true
            },
            {
              "name": "dist",
              "path": "/nix/store/3n61h96fm4dmlj7nl8zcjjb4cnvil90x-python3.12-poetry-1.8.3-dist"
            }
          ],
          "store_path": "/nix/store/56bqni659v6ckhil8hm7bchaafihjw83-python3.12-poetry-1.8.3"
        }
      }
    },
    "python3@3.11": {
      "last_modified": "2024-06-12T20:55:33Z",
      "plugin_version": "0.0.4",
      "resolved": "github:NixOS/nixpkgs/a9858885e197f984d92d7fe64e9fff6b2e488d40#python3",
      "source": "devbox-search",
      "version": "3.11.9",
      "systems": {
        "aarch64-darwin": {
          "outputs": [
            {
              "name": "out",
              "path": "/nix/store/327bf08j5b7l9cnzink3g4vp32y5352j-python3-3.11.9",
              "default": true
            }
          ],
          "store_path": "/nix/store/327bf08j5b7l9cnzink3g4vp32y5352j-python3-3.11.9"
        },
        "aarch64-linux": {
          "outputs": [
            {
              "name": "out",
              "path": "/nix/store/q3x28mimkawkdjlvd78jxv3s0fk25vz8-python3-3.11.9",
              "default": true
            },
            {
              "name": "debug",
              "path": "/nix/store/kl8hjhf6x7dz7brs1ylkxy26qb8argaq-python3-3.11.9-debug"
            }
          ],
          "store_path": "/nix/store/q3x28mimkawkdjlvd78jxv3s0fk25vz8-python3-3.11.9"
        },
        "x86_64-darwin": {
          "outputs": [
            {
              "name": "out",
              "path": "/nix/store/9lcbaggnygcqpgzakib5lwisks8gnn5i-python3-3.11.9",
              "default": true
            }
          ],
          "store_path": "/nix/store/9lcbaggnygcqpgzakib5lwisks8gnn5i-python3-3.11.9"
        },
        "x86_64-linux": {
          "outputs": [
            {
              "name": "out",
              "path": "/nix/store/6b1fqdwb3g56j5pazv8zkx9qd0mv3wiz-python3-3.11.9",
              "default": true
            },
            {
              "name": "debug",
              "path": "/nix/store/61rzpp3v8dsf6h17h3jnnwlm5hwc2brr-python3-3.11.9-debug"
            }
          ],
          "store_path": "/nix/store/6b1fqdwb3g56j5pazv8zkx9qd0mv3wiz-python3-3.11.9"
        }
      }
    },
    "telepresence2@latest": {
      "last_modified": "2025-01-19T08:16:51Z",
      "resolved": "github:NixOS/nixpkgs/50165c4f7eb48ce82bd063e1fb8047a0f515f8ce#telepresence2",
      "source": "devbox-search",
      "version": "2.21.1",
      "systems": {
        "aarch64-darwin": {
          "outputs": [
            {
              "name": "out",
              "path": "/nix/store/r8q4agg2iiz5wkv7y777in53cf2mk72q-telepresence2-2.21.1",
              "default": true
            }
          ],
          "store_path": "/nix/store/r8q4agg2iiz5wkv7y777in53cf2mk72q-telepresence2-2.21.1"
        },
        "aarch64-linux": {
          "outputs": [
            {
              "name": "out",
              "path": "/nix/store/2s142mbs3iz7vam4ihnqng68dma9p0ab-telepresence2-2.21.1",
              "default": true
            }
          ],
          "store_path": "/nix/store/2s142mbs3iz7vam4ihnqng68dma9p0ab-telepresence2-2.21.1"
        },
        "x86_64-darwin": {
          "outputs": [
            {
              "name": "out",
              "path": "/nix/store/xbnqxldig84yqwk0723p8aiycpdi8313-telepresence2-2.21.1",
              "default": true
            }
          ],
          "store_path": "/nix/store/xbnqxldig84yqwk0723p8aiycpdi8313-telepresence2-2.21.1"
        },
        "x86_64-linux": {
          "outputs": [
            {
              "name": "out",
              "path": "/nix/store/ii7wnl6y99ha1bmyrvwac92ljy4rvv7s-telepresence2-2.21.1",
              "default": true
            }
          ],
          "store_path": "/nix/store/ii7wnl6y99ha1bmyrvwac92ljy4rvv7s-telepresence2-2.21.1"
        }
      }
    },
    "yq-go@latest": {
      "last_modified": "2025-01-19T08:16:51Z",
      "resolved": "github:NixOS/nixpkgs/50165c4f7eb48ce82bd063e1fb8047a0f515f8ce#yq-go",
      "source": "devbox-search",
      "version": "4.45.1",
      "systems": {
        "aarch64-darwin": {
          "outputs": [
            {
              "name": "out",
              "path": "/nix/store/2g34102lnfgsr7n2g2fm11r945lxmxgx-yq-go-4.45.1",
              "default": true
            }
          ],
          "store_path": "/nix/store/2g34102lnfgsr7n2g2fm11r945lxmxgx-yq-go-4.45.1"
        },
        "aarch64-linux": {
          "outputs": [
            {
              "name": "out",
              "path": "/nix/store/nsl4sm3zc4hl16l8zvcrnpw0kqkp21xh-yq-go-4.45.1",
              "default": true
            }
          ],
          "store_path": "/nix/store/nsl4sm3zc4hl16l8zvcrnpw0kqkp21xh-yq-go-4.45.1"
        },
        "x86_64-darwin": {
          "outputs": [
            {
              "name": "out",
              "path": "/nix/store/zzmwwabkgbqrqx1nld5fldwbp0izclqy-yq-go-4.45.1",
              "default": true
            }
          ],
          "store_path": "/nix/store/zzmwwabkgbqrqx1nld5fldwbp0izclqy-yq-go-4.45.1"
        },
        "x86_64-linux": {
          "outputs": [
            {
              "name": "out",
              "path": "/nix/store/0zcjg419anbc1g2ccry71k14wi4j8nsp-yq-go-4.45.1",
              "default": true
            }
          ],
          "store_path": "/nix/store/0zcjg419anbc1g2ccry71k14wi4j8nsp-yq-go-4.45.1"
        }
      }
    },
    "zsh@latest": {
      "last_modified": "2025-02-01T15:12:02Z",
      "resolved": "github:NixOS/nixpkgs/102a39bfee444533e6b4e8611d7e92aa39b7bec1#zsh",
      "source": "devbox-search",
      "version": "5.9",
      "systems": {
        "aarch64-darwin": {
          "outputs": [
            {
              "name": "out",
              "path": "/nix/store/l9jyhclsyss3fj81a83p86ccqm416dms-zsh-5.9",
              "default": true
            },
            {
              "name": "man",
              "path": "/nix/store/wpc7d521hi2msmlicrp0j3zsraglb2w4-zsh-5.9-man",
              "default": true
            },
            {
              "name": "doc",
              "path": "/nix/store/ig2ig2dq4bw0cmhx4sxxyqmg7dc0cz2m-zsh-5.9-doc"
            },
            {
              "name": "info",
              "path": "/nix/store/b14rfm5s48iy6v3mfxcvmy3n3568vaid-zsh-5.9-info"
            }
          ],
          "store_path": "/nix/store/l9jyhclsyss3fj81a83p86ccqm416dms-zsh-5.9"
        },
        "aarch64-linux": {
          "outputs": [
            {
              "name": "out",
              "path": "/nix/store/js263as21llxi7hh4g9j2n4bxwi06njr-zsh-5.9",
              "default": true
            },
            {
              "name": "man",
              "path": "/nix/store/n2l98v1ax9mm5pscjsgp8szyv28yxcsm-zsh-5.9-man",
              "default": true
            },
            {
              "name": "info",
              "path": "/nix/store/086rfl6qw2sx17g599crm03zgkb2kfvc-zsh-5.9-info"
            },
            {
              "name": "doc",
              "path": "/nix/store/brzk6mb0hryg3729xlbp46h8chvn6nph-zsh-5.9-doc"
            }
          ],
          "store_path": "/nix/store/js263as21llxi7hh4g9j2n4bxwi06njr-zsh-5.9"
        },
        "x86_64-darwin": {
          "outputs": [
            {
              "name": "out",
              "path": "/nix/store/rws642m1fyh2c6i065y944lx5zb6v1j2-zsh-5.9",
              "default": true
            },
            {
              "name": "man",
              "path": "/nix/store/hcmrvacsrfm1ky1zybdgi8nbcdhi6rhz-zsh-5.9-man",
              "default": true
            },
            {
              "name": "doc",
              "path": "/nix/store/1b7mg498ayhi41wmqmd49p48f4gh4cdk-zsh-5.9-doc"
            },
            {
              "name": "info",
              "path": "/nix/store/qikyivdcjyirgc2q96vxarwv7j5561c8-zsh-5.9-info"
            }
          ],
          "store_path": "/nix/store/rws642m1fyh2c6i065y944lx5zb6v1j2-zsh-5.9"
        },
        "x86_64-linux": {
          "outputs": [
            {
              "name": "out",
              "path": "/nix/store/i6marj58n6s0mbchcvgljqqwqgq4k03k-zsh-5.9",
              "default": true
            },
            {
              "name": "man",
              "path": "/nix/store/v239qg1mf71zwsp9d1g89a9r199ya7jq-zsh-5.9-man",
              "default": true
            },
            {
              "name": "doc",
              "path": "/nix/store/lmxrr2vcwg21sbslmv9jdkhy9gjc7vzd-zsh-5.9-doc"
            },
            {
              "name": "info",
              "path": "/nix/store/4nf63qxcyk4kbliicvlqj87fiqsv2mwm-zsh-5.9-info"
            }
          ],
          "store_path": "/nix/store/i6marj58n6s0mbchcvgljqqwqgq4k03k-zsh-5.9"
        }
      }
    }
  }
}
