{
  "lockfile_version": "1",
  "packages": {
    "argo@latest": {
      "last_modified": "2024-08-31T10:12:23Z",
      "resolved": "github:NixOS/nixpkgs/5629520edecb69630a3f4d17d3d33fc96c13f6fe#argo",
      "source": "devbox-search",
      "version": "3.5.10",
      "systems": {
        "aarch64-darwin": {
          "outputs": [
            {
              "name": "out",
              "path": "/nix/store/6f8blhnc6b6xvwswndck580vn73z4yip-argo-3.5.10",
              "default": true
            }
          ],
          "store_path": "/nix/store/6f8blhnc6b6xvwswndck580vn73z4yip-argo-3.5.10"
        },
        "aarch64-linux": {
          "outputs": [
            {
              "name": "out",
              "path": "/nix/store/5y1qa2vfykn9kcxi0v39bf4vzzpqn20l-argo-3.5.10",
              "default": true
            }
          ],
          "store_path": "/nix/store/5y1qa2vfykn9kcxi0v39bf4vzzpqn20l-argo-3.5.10"
        },
        "x86_64-darwin": {
          "outputs": [
            {
              "name": "out",
              "path": "/nix/store/pkpm2llryqdyv1zy57b6mys94ayjq4bn-argo-3.5.10",
              "default": true
            }
          ],
          "store_path": "/nix/store/pkpm2llryqdyv1zy57b6mys94ayjq4bn-argo-3.5.10"
        },
        "x86_64-linux": {
          "outputs": [
            {
              "name": "out",
              "path": "/nix/store/271fnd31njwvf6hs6zdwpzfirir7ysi4-argo-3.5.10",
              "default": true
            }
          ],
          "store_path": "/nix/store/271fnd31njwvf6hs6zdwpzfirir7ysi4-argo-3.5.10"
        }
      }
    },
    "difftastic@latest": {
      "last_modified": "2024-08-31T10:12:23Z",
      "resolved": "github:NixOS/nixpkgs/5629520edecb69630a3f4d17d3d33fc96c13f6fe#difftastic",
      "source": "devbox-search",
      "version": "0.60.0",
      "systems": {
        "aarch64-darwin": {
          "outputs": [
            {
              "name": "out",
              "path": "/nix/store/v71cj5hm671s48d3khjdsiywjpd3rls8-difftastic-0.60.0",
              "default": true
            }
          ],
          "store_path": "/nix/store/v71cj5hm671s48d3khjdsiywjpd3rls8-difftastic-0.60.0"
        },
        "aarch64-linux": {
          "outputs": [
            {
              "name": "out",
              "path": "/nix/store/vz9m774n5mhdav33fppii4mgqxbs3f96-difftastic-0.60.0",
              "default": true
            }
          ],
          "store_path": "/nix/store/vz9m774n5mhdav33fppii4mgqxbs3f96-difftastic-0.60.0"
        },
        "x86_64-darwin": {
          "outputs": [
            {
              "name": "out",
              "path": "/nix/store/dpisjlif8rv0gwqv31hyxjj63j2p8qm2-difftastic-0.60.0",
              "default": true
            }
          ],
          "store_path": "/nix/store/dpisjlif8rv0gwqv31hyxjj63j2p8qm2-difftastic-0.60.0"
        },
        "x86_64-linux": {
          "outputs": [
            {
              "name": "out",
              "path": "/nix/store/kr5kkb2fsdv01k0y3fd96fw9vwqxbjga-difftastic-0.60.0",
              "default": true
            }
          ],
          "store_path": "/nix/store/kr5kkb2fsdv01k0y3fd96fw9vwqxbjga-difftastic-0.60.0"
        }
      }
    },
    "jq@latest": {
      "last_modified": "2024-09-01T03:39:50Z",
      "resolved": "github:NixOS/nixpkgs/4a9443e2a4e06cbaff89056b5cdf6777c1fe5755#jq",
      "source": "devbox-search",
      "version": "1.7.1",
      "systems": {
        "aarch64-darwin": {
          "outputs": [
            {
              "name": "bin",
              "path": "/nix/store/a0qb3qz9nancghgi3z1734c5k79hzwgn-jq-1.7.1-bin",
              "default": true
            },
            {
              "name": "man",
              "path": "/nix/store/prp8b726pqh1ghw5idfdcyl0gnpry44q-jq-1.7.1-man",
              "default": true
            },
            {
              "name": "doc",
              "path": "/nix/store/a3v44plz7dixbrn9d7s69xhf87g6zrn0-jq-1.7.1-doc"
            },
            {
              "name": "lib",
              "path": "/nix/store/8n0r1ma1x5bvsr6n2kjzrhv8s7qyl9m1-jq-1.7.1-lib"
            },
            {
              "name": "out",
              "path": "/nix/store/20x8m876m0a3nas08c4gg7n1gcvw2nd1-jq-1.7.1"
            },
            {
              "name": "dev",
              "path": "/nix/store/4rcpydzqwdck396pwhkcpz1r1brlgli4-jq-1.7.1-dev"
            }
          ],
          "store_path": "/nix/store/a0qb3qz9nancghgi3z1734c5k79hzwgn-jq-1.7.1-bin"
        },
        "aarch64-linux": {
          "outputs": [
            {
              "name": "bin",
              "path": "/nix/store/855185vhfhrx065c0ad0s1qms3p8sg4c-jq-1.7.1-bin",
              "default": true
            },
            {
              "name": "man",
              "path": "/nix/store/9w36a5zl1wz9mnk22np556mfdicfzyfa-jq-1.7.1-man",
              "default": true
            },
            {
              "name": "dev",
              "path": "/nix/store/zxyzp99sm3nkf387h9xrq8kf4pkp7jw8-jq-1.7.1-dev"
            },
            {
              "name": "doc",
              "path": "/nix/store/h8iz5m7aq09an64n3xjdrpvnskgqg0j5-jq-1.7.1-doc"
            },
            {
              "name": "lib",
              "path": "/nix/store/wkcx946q0kbpp0jb4rs3yq3ippiz5x83-jq-1.7.1-lib"
            },
            {
              "name": "out",
              "path": "/nix/store/x5p64yy46c4g5a6788av88fr8nxpfmvl-jq-1.7.1"
            }
          ],
          "store_path": "/nix/store/855185vhfhrx065c0ad0s1qms3p8sg4c-jq-1.7.1-bin"
        },
        "x86_64-darwin": {
          "outputs": [
            {
              "name": "bin",
              "path": "/nix/store/wlzv4fh056vg7i9zkcggqvfcnargj9cg-jq-1.7.1-bin",
              "default": true
            },
            {
              "name": "man",
              "path": "/nix/store/5wsb8dxsvkhl3a4amaw3q237k31zm3xn-jq-1.7.1-man",
              "default": true
            },
            {
              "name": "dev",
              "path": "/nix/store/1brda1qm783rz07f0a8y4mvs6m72v5ha-jq-1.7.1-dev"
            },
            {
              "name": "doc",
              "path": "/nix/store/rnpf9ypnakmigb5wd9cbzzqs7919bqna-jq-1.7.1-doc"
            },
            {
              "name": "lib",
              "path": "/nix/store/3x3n94nvpfhb55n3039avj3cc13sqwmf-jq-1.7.1-lib"
            },
            {
              "name": "out",
              "path": "/nix/store/5v08b5wxh9i1aqxr4j4v731phms6q4hj-jq-1.7.1"
            }
          ],
          "store_path": "/nix/store/wlzv4fh056vg7i9zkcggqvfcnargj9cg-jq-1.7.1-bin"
        },
        "x86_64-linux": {
          "outputs": [
            {
              "name": "bin",
              "path": "/nix/store/kc1c2x2a14zsjwxlscajmc59nsz0wd1s-jq-1.7.1-bin",
              "default": true
            },
            {
              "name": "man",
              "path": "/nix/store/vdc00mcaj7xlk2f0sq7lyjgf0l3v9gvr-jq-1.7.1-man",
              "default": true
            },
            {
              "name": "dev",
              "path": "/nix/store/rwypdgzzxk9740bd01irnq708p62axah-jq-1.7.1-dev"
            },
            {
              "name": "doc",
              "path": "/nix/store/sifr3zf0rxisxs6ysvp3r2jds5pd22lj-jq-1.7.1-doc"
            },
            {
              "name": "lib",
              "path": "/nix/store/ssl0zcvizmyncqn3lwr3dmkb8j0x9fkn-jq-1.7.1-lib"
            },
            {
              "name": "out",
              "path": "/nix/store/6mi0s34rv17dxd8bpv3vis709n230mfi-jq-1.7.1"
            }
          ],
          "store_path": "/nix/store/kc1c2x2a14zsjwxlscajmc59nsz0wd1s-jq-1.7.1-bin"
        }
      }
    },
    "poetry@latest": {
      "last_modified": "2024-08-31T10:12:23Z",
      "plugin_version": "0.0.4",
      "resolved": "github:NixOS/nixpkgs/5629520edecb69630a3f4d17d3d33fc96c13f6fe#poetry",
      "source": "devbox-search",
      "version": "1.8.3",
      "systems": {
        "aarch64-darwin": {
          "outputs": [
            {
              "name": "out",
              "path": "/nix/store/vzr6bly4qcqrqr661gqpfy2mapm8d30l-python3.12-poetry-1.8.3",
              "default": true
            },
            {
              "name": "dist",
              "path": "/nix/store/qgcbfjs7kkm864wvc85wbi0m3f3zvrf7-python3.12-poetry-1.8.3-dist"
            }
          ],
          "store_path": "/nix/store/vzr6bly4qcqrqr661gqpfy2mapm8d30l-python3.12-poetry-1.8.3"
        },
        "aarch64-linux": {
          "outputs": [
            {
              "name": "out",
              "path": "/nix/store/py56hapw39pl2i8ycyx968isrfbink6p-python3.12-poetry-1.8.3",
              "default": true
            },
            {
              "name": "dist",
              "path": "/nix/store/f8qn8sn1y3nh93dc9s72zysxg26zng2l-python3.12-poetry-1.8.3-dist"
            }
          ],
          "store_path": "/nix/store/py56hapw39pl2i8ycyx968isrfbink6p-python3.12-poetry-1.8.3"
        },
        "x86_64-darwin": {
          "outputs": [
            {
              "name": "out",
              "path": "/nix/store/l538nh4qvz65ymc68v0pkn4db9pq7r0b-python3.12-poetry-1.8.3",
              "default": true
            },
            {
              "name": "dist",
              "path": "/nix/store/6ks404rixl05k5yipcsjcmjivk8k02vz-python3.12-poetry-1.8.3-dist"
            }
          ],
          "store_path": "/nix/store/l538nh4qvz65ymc68v0pkn4db9pq7r0b-python3.12-poetry-1.8.3"
        },
        "x86_64-linux": {
          "outputs": [
            {
              "name": "out",
              "path": "/nix/store/417bngfhmqsgjyr3zj3bsbwy5lnw1n5j-python3.12-poetry-1.8.3",
              "default": true
            },
            {
              "name": "dist",
              "path": "/nix/store/jw5r6fciv4rimn0z44rb2jkgqlswzdqq-python3.12-poetry-1.8.3-dist"
            }
          ],
          "store_path": "/nix/store/417bngfhmqsgjyr3zj3bsbwy5lnw1n5j-python3.12-poetry-1.8.3"
        }
      }
    },
    "pyright@latest": {
      "last_modified": "2025-01-25T23:17:58Z",
      "resolved": "github:NixOS/nixpkgs/b582bb5b0d7af253b05d58314b85ab8ec46b8d19#pyright",
      "source": "devbox-search",
      "version": "1.1.391",
      "systems": {
        "aarch64-darwin": {
          "outputs": [
            {
              "name": "out",
              "path": "/nix/store/zxjy0mbrxgcssq3npah08g58dxdmada3-pyright-1.1.391",
              "default": true
            }
          ],
          "store_path": "/nix/store/zxjy0mbrxgcssq3npah08g58dxdmada3-pyright-1.1.391"
        },
        "aarch64-linux": {
          "outputs": [
            {
              "name": "out",
              "path": "/nix/store/zar43w65f7mglndkcg5cd1h0za6c9zdy-pyright-1.1.391",
              "default": true
            }
          ],
          "store_path": "/nix/store/zar43w65f7mglndkcg5cd1h0za6c9zdy-pyright-1.1.391"
        },
        "x86_64-darwin": {
          "outputs": [
            {
              "name": "out",
              "path": "/nix/store/lmhrv6rh6q6k3wkqswl6f4cv4wj67agk-pyright-1.1.391",
              "default": true
            }
          ],
          "store_path": "/nix/store/lmhrv6rh6q6k3wkqswl6f4cv4wj67agk-pyright-1.1.391"
        },
        "x86_64-linux": {
          "outputs": [
            {
              "name": "out",
              "path": "/nix/store/cx2ansxz0vvm9780ghqqrwr5fjh8sgi2-pyright-1.1.391",
              "default": true
            }
          ],
          "store_path": "/nix/store/cx2ansxz0vvm9780ghqqrwr5fjh8sgi2-pyright-1.1.391"
        }
      }
    },
    "python@3.11": {
      "last_modified": "2024-06-12T20:55:33Z",
      "plugin_version": "0.0.4",
      "resolved": "github:NixOS/nixpkgs/a9858885e197f984d92d7fe64e9fff6b2e488d40#python3",
      "source": "devbox-search",
      "version": "3.11.9",
      "systems": {
        "aarch64-darwin": {
          "outputs": [
            {
              "name": "out",
              "path": "/nix/store/327bf08j5b7l9cnzink3g4vp32y5352j-python3-3.11.9",
              "default": true
            }
          ],
          "store_path": "/nix/store/327bf08j5b7l9cnzink3g4vp32y5352j-python3-3.11.9"
        },
        "aarch64-linux": {
          "outputs": [
            {
              "name": "out",
              "path": "/nix/store/q3x28mimkawkdjlvd78jxv3s0fk25vz8-python3-3.11.9",
              "default": true
            },
            {
              "name": "debug",
              "path": "/nix/store/kl8hjhf6x7dz7brs1ylkxy26qb8argaq-python3-3.11.9-debug"
            }
          ],
          "store_path": "/nix/store/q3x28mimkawkdjlvd78jxv3s0fk25vz8-python3-3.11.9"
        },
        "x86_64-darwin": {
          "outputs": [
            {
              "name": "out",
              "path": "/nix/store/9lcbaggnygcqpgzakib5lwisks8gnn5i-python3-3.11.9",
              "default": true
            }
          ],
          "store_path": "/nix/store/9lcbaggnygcqpgzakib5lwisks8gnn5i-python3-3.11.9"
        },
        "x86_64-linux": {
          "outputs": [
            {
              "name": "out",
              "path": "/nix/store/6b1fqdwb3g56j5pazv8zkx9qd0mv3wiz-python3-3.11.9",
              "default": true
            },
            {
              "name": "debug",
              "path": "/nix/store/61rzpp3v8dsf6h17h3jnnwlm5hwc2brr-python3-3.11.9-debug"
            }
          ],
          "store_path": "/nix/store/6b1fqdwb3g56j5pazv8zkx9qd0mv3wiz-python3-3.11.9"
        }
      }
    },
    "ruff@latest": {
      "last_modified": "2025-01-24T01:56:22Z",
      "resolved": "github:NixOS/nixpkgs/4dfc61e9cd0c26b3bc3e6d6fac3ba10d18959fc4#ruff",
      "source": "devbox-search",
      "version": "0.9.3",
      "systems": {
        "aarch64-darwin": {
          "outputs": [
            {
              "name": "out",
              "path": "/nix/store/xzpq8haw5rkihm4xdys9q55bbdd3h2z2-ruff-0.9.3",
              "default": true
            }
          ],
          "store_path": "/nix/store/xzpq8haw5rkihm4xdys9q55bbdd3h2z2-ruff-0.9.3"
        },
        "aarch64-linux": {
          "outputs": [
            {
              "name": "out",
              "path": "/nix/store/d3gprlwa1vs9p3z728j4m6yv59pd9zk3-ruff-0.9.3",
              "default": true
            }
          ],
          "store_path": "/nix/store/d3gprlwa1vs9p3z728j4m6yv59pd9zk3-ruff-0.9.3"
        },
        "x86_64-darwin": {
          "outputs": [
            {
              "name": "out",
              "path": "/nix/store/m0m6wi4nk6la09c6j7yxxgdf1xxxcv4y-ruff-0.9.3",
              "default": true
            }
          ],
          "store_path": "/nix/store/m0m6wi4nk6la09c6j7yxxgdf1xxxcv4y-ruff-0.9.3"
        },
        "x86_64-linux": {
          "outputs": [
            {
              "name": "out",
              "path": "/nix/store/h4hcf4ypfwnx4g66qkw48q0vibbzyzss-ruff-0.9.3",
              "default": true
            }
          ],
          "store_path": "/nix/store/h4hcf4ypfwnx4g66qkw48q0vibbzyzss-ruff-0.9.3"
        }
      }
    },
    "yq-go@latest": {
      "last_modified": "2024-08-31T10:12:23Z",
      "resolved": "github:NixOS/nixpkgs/5629520edecb69630a3f4d17d3d33fc96c13f6fe#yq-go",
      "source": "devbox-search",
      "version": "4.44.3",
      "systems": {
        "aarch64-darwin": {
          "outputs": [
            {
              "name": "out",
              "path": "/nix/store/jppigm7xxrz14z5qbp70qwk63rqkzlr7-yq-go-4.44.3",
              "default": true
            }
          ],
          "store_path": "/nix/store/jppigm7xxrz14z5qbp70qwk63rqkzlr7-yq-go-4.44.3"
        },
        "aarch64-linux": {
          "outputs": [
            {
              "name": "out",
              "path": "/nix/store/h1p18ha0hkgf0rwc87cc51nz2m69004s-yq-go-4.44.3",
              "default": true
            }
          ],
          "store_path": "/nix/store/h1p18ha0hkgf0rwc87cc51nz2m69004s-yq-go-4.44.3"
        },
        "x86_64-darwin": {
          "outputs": [
            {
              "name": "out",
              "path": "/nix/store/rfymy667lx1032cxdwyzslxia511dxz7-yq-go-4.44.3",
              "default": true
            }
          ],
          "store_path": "/nix/store/rfymy667lx1032cxdwyzslxia511dxz7-yq-go-4.44.3"
        },
        "x86_64-linux": {
          "outputs": [
            {
              "name": "out",
              "path": "/nix/store/kb2z2ih2yvlpy9p4mx4sqdicjj4p2isw-yq-go-4.44.3",
              "default": true
            }
          ],
          "store_path": "/nix/store/kb2z2ih2yvlpy9p4mx4sqdicjj4p2isw-yq-go-4.44.3"
        }
      }
    }
  }
}
